{
  "requires": true,
  "lockfileVersion": 1,
  "dependencies": {
    "tns-platform-declarations": {
      "version": "6.5.1",
      "resolved": "https://registry.npmjs.org/tns-platform-declarations/-/tns-platform-declarations-6.5.1.tgz",
      "integrity": "sha512-kN94WlMEAqnS5+i4oyS3FGYXw0aUjp/lRIBCu+2kzSJW0GOaxeCbSGO6i/+bDph75VLEwz3PI9eo4hEXY8y8pg=="
    }
  }
}
